
Microsoft Visual Studio Solution File, Format Version 12.00
# Visual Studio 14
VisualStudioVersion = 14.0.25420.1
MinimumVisualStudioVersion = 10.0.40219.1
Project("{D954291E-2A0B-460D-934E-DC6B0785DB48}") = "CslaMissingReference", "CslaMissingReference\CslaMissingReference\CslaMissingReference.shproj", "{FF88E8F7-CC08-47A0-A5CE-A847DDC4057A}"
EndProject
Project("{FAE04EC0-301F-11D3-BF4B-00C04F79EFBC}") = "CslaMissingReference.Droid", "CslaMissingReference\CslaMissingReference.Droid\CslaMissingReference.Droid.csproj", "{013BD706-49F1-4CFA-9C68-94613DF90EA8}"
EndProject
Project("{FAE04EC0-301F-11D3-BF4B-00C04F79EFBC}") = "CslaMissingReference.iOS", "CslaMissingReference\CslaMissingReference.iOS\CslaMissingReference.iOS.csproj", "{766BBDE7-477A-412B-9F44-0195D061FE31}"
EndProject
Project("{FAE04EC0-301F-11D3-BF4B-00C04F79EFBC}") = "CslaMissingReference.WinPhone", "CslaMissingReference\CslaMissingReference.WinPhone\CslaMissingReference.WinPhone.csproj", "{F8EC1083-077C-41FC-BFDF-600B28EAD92F}"
EndProject
Project("{D954291E-2A0B-460D-934E-DC6B0785DB48}") = "Business", "Business\Business.shproj", "{921041F2-7993-4D6F-B9BD-4267DF10FF2D}"
EndProject
Project("{FAE04EC0-301F-11D3-BF4B-00C04F79EFBC}") = "Business-WP81", "Business-WP81\Business-WP81.csproj", "{B9711B2E-7EAC-4C34-82C8-F4944F50F839}"
EndProject
Project("{FAE04EC0-301F-11D3-BF4B-00C04F79EFBC}") = "Business-NS15", "Business-NS15\Business-NS15.csproj", "{9D1BB588-DEE2-4FC4-9BD1-A4003FE970FA}"
EndProject
Global
	GlobalSection(SharedMSBuildProjectFiles) = preSolution
		CslaMissingReference\CslaMissingReference\CslaMissingReference.projitems*{013bd706-49f1-4cfa-9c68-94613df90ea8}*SharedItemsImports = 4
		CslaMissingReference\CslaMissingReference\CslaMissingReference.projitems*{766bbde7-477a-412b-9f44-0195d061fe31}*SharedItemsImports = 4
		Business\Business.projitems*{921041f2-7993-4d6f-b9bd-4267df10ff2d}*SharedItemsImports = 13
		Business\Business.projitems*{9d1bb588-dee2-4fc4-9bd1-a4003fe970fa}*SharedItemsImports = 4
		Business\Business.projitems*{b9711b2e-7eac-4c34-82c8-f4944f50f839}*SharedItemsImports = 4
		CslaMissingReference\CslaMissingReference\CslaMissingReference.projitems*{f8ec1083-077c-41fc-bfdf-600b28ead92f}*SharedItemsImports = 4
		CslaMissingReference\CslaMissingReference\CslaMissingReference.projitems*{ff88e8f7-cc08-47a0-a5ce-a847ddc4057a}*SharedItemsImports = 13
	EndGlobalSection
	GlobalSection(SolutionConfigurationPlatforms) = preSolution
		Ad-Hoc|Any CPU = Ad-Hoc|Any CPU
		Ad-Hoc|ARM = Ad-Hoc|ARM
		Ad-Hoc|iPhone = Ad-Hoc|iPhone
		Ad-Hoc|iPhoneSimulator = Ad-Hoc|iPhoneSimulator
		Ad-Hoc|x64 = Ad-Hoc|x64
		Ad-Hoc|x86 = Ad-Hoc|x86
		AppStore|Any CPU = AppStore|Any CPU
		AppStore|ARM = AppStore|ARM
		AppStore|iPhone = AppStore|iPhone
		AppStore|iPhoneSimulator = AppStore|iPhoneSimulator
		AppStore|x64 = AppStore|x64
		AppStore|x86 = AppStore|x86
		Debug|Any CPU = Debug|Any CPU
		Debug|ARM = Debug|ARM
		Debug|iPhone = Debug|iPhone
		Debug|iPhoneSimulator = Debug|iPhoneSimulator
		Debug|x64 = Debug|x64
		Debug|x86 = Debug|x86
		Release|Any CPU = Release|Any CPU
		Release|ARM = Release|ARM
		Release|iPhone = Release|iPhone
		Release|iPhoneSimulator = Release|iPhoneSimulator
		Release|x64 = Release|x64
		Release|x86 = Release|x86
	EndGlobalSection
	GlobalSection(ProjectConfigurationPlatforms) = postSolution
		{013BD706-49F1-4CFA-9C68-94613DF90EA8}.Ad-Hoc|Any CPU.ActiveCfg = Release|Any CPU
		{013BD706-49F1-4CFA-9C68-94613DF90EA8}.Ad-Hoc|Any CPU.Build.0 = Release|Any CPU
		{013BD706-49F1-4CFA-9C68-94613DF90EA8}.Ad-Hoc|Any CPU.Deploy.0 = Release|Any CPU
		{013BD706-49F1-4CFA-9C68-94613DF90EA8}.Ad-Hoc|ARM.ActiveCfg = Release|Any CPU
		{013BD706-49F1-4CFA-9C68-94613DF90EA8}.Ad-Hoc|ARM.Build.0 = Release|Any CPU
		{013BD706-49F1-4CFA-9C68-94613DF90EA8}.Ad-Hoc|ARM.Deploy.0 = Release|Any CPU
		{013BD706-49F1-4CFA-9C68-94613DF90EA8}.Ad-Hoc|iPhone.ActiveCfg = Release|Any CPU
		{013BD706-49F1-4CFA-9C68-94613DF90EA8}.Ad-Hoc|iPhone.Build.0 = Release|Any CPU
		{013BD706-49F1-4CFA-9C68-94613DF90EA8}.Ad-Hoc|iPhone.Deploy.0 = Release|Any CPU
		{013BD706-49F1-4CFA-9C68-94613DF90EA8}.Ad-Hoc|iPhoneSimulator.ActiveCfg = Release|Any CPU
		{013BD706-49F1-4CFA-9C68-94613DF90EA8}.Ad-Hoc|iPhoneSimulator.Build.0 = Release|Any CPU
		{013BD706-49F1-4CFA-9C68-94613DF90EA8}.Ad-Hoc|iPhoneSimulator.Deploy.0 = Release|Any CPU
		{013BD706-49F1-4CFA-9C68-94613DF90EA8}.Ad-Hoc|x64.ActiveCfg = Release|Any CPU
		{013BD706-49F1-4CFA-9C68-94613DF90EA8}.Ad-Hoc|x64.Build.0 = Release|Any CPU
		{013BD706-49F1-4CFA-9C68-94613DF90EA8}.Ad-Hoc|x64.Deploy.0 = Release|Any CPU
		{013BD706-49F1-4CFA-9C68-94613DF90EA8}.Ad-Hoc|x86.ActiveCfg = Release|Any CPU
		{013BD706-49F1-4CFA-9C68-94613DF90EA8}.Ad-Hoc|x86.Build.0 = Release|Any CPU
		{013BD706-49F1-4CFA-9C68-94613DF90EA8}.Ad-Hoc|x86.Deploy.0 = Release|Any CPU
		{013BD706-49F1-4CFA-9C68-94613DF90EA8}.AppStore|Any CPU.ActiveCfg = Release|Any CPU
		{013BD706-49F1-4CFA-9C68-94613DF90EA8}.AppStore|Any CPU.Build.0 = Release|Any CPU
		{013BD706-49F1-4CFA-9C68-94613DF90EA8}.AppStore|Any CPU.Deploy.0 = Release|Any CPU
		{013BD706-49F1-4CFA-9C68-94613DF90EA8}.AppStore|ARM.ActiveCfg = Release|Any CPU
		{013BD706-49F1-4CFA-9C68-94613DF90EA8}.AppStore|ARM.Build.0 = Release|Any CPU
		{013BD706-49F1-4CFA-9C68-94613DF90EA8}.AppStore|ARM.Deploy.0 = Release|Any CPU
		{013BD706-49F1-4CFA-9C68-94613DF90EA8}.AppStore|iPhone.ActiveCfg = Release|Any CPU
		{013BD706-49F1-4CFA-9C68-94613DF90EA8}.AppStore|iPhone.Build.0 = Release|Any CPU
		{013BD706-49F1-4CFA-9C68-94613DF90EA8}.AppStore|iPhone.Deploy.0 = Release|Any CPU
		{013BD706-49F1-4CFA-9C68-94613DF90EA8}.AppStore|iPhoneSimulator.ActiveCfg = Release|Any CPU
		{013BD706-49F1-4CFA-9C68-94613DF90EA8}.AppStore|iPhoneSimulator.Build.0 = Release|Any CPU
		{013BD706-49F1-4CFA-9C68-94613DF90EA8}.AppStore|iPhoneSimulator.Deploy.0 = Release|Any CPU
		{013BD706-49F1-4CFA-9C68-94613DF90EA8}.AppStore|x64.ActiveCfg = Release|Any CPU
		{013BD706-49F1-4CFA-9C68-94613DF90EA8}.AppStore|x64.Build.0 = Release|Any CPU
		{013BD706-49F1-4CFA-9C68-94613DF90EA8}.AppStore|x64.Deploy.0 = Release|Any CPU
		{013BD706-49F1-4CFA-9C68-94613DF90EA8}.AppStore|x86.ActiveCfg = Release|Any CPU
		{013BD706-49F1-4CFA-9C68-94613DF90EA8}.AppStore|x86.Build.0 = Release|Any CPU
		{013BD706-49F1-4CFA-9C68-94613DF90EA8}.AppStore|x86.Deploy.0 = Release|Any CPU
		{013BD706-49F1-4CFA-9C68-94613DF90EA8}.Debug|Any CPU.ActiveCfg = Debug|Any CPU
		{013BD706-49F1-4CFA-9C68-94613DF90EA8}.Debug|Any CPU.Build.0 = Debug|Any CPU
		{013BD706-49F1-4CFA-9C68-94613DF90EA8}.Debug|Any CPU.Deploy.0 = Debug|Any CPU
		{013BD706-49F1-4CFA-9C68-94613DF90EA8}.Debug|ARM.ActiveCfg = Debug|Any CPU
		{013BD706-49F1-4CFA-9C68-94613DF90EA8}.Debug|ARM.Build.0 = Debug|Any CPU
		{013BD706-49F1-4CFA-9C68-94613DF90EA8}.Debug|ARM.Deploy.0 = Debug|Any CPU
		{013BD706-49F1-4CFA-9C68-94613DF90EA8}.Debug|iPhone.ActiveCfg = Debug|Any CPU
		{013BD706-49F1-4CFA-9C68-94613DF90EA8}.Debug|iPhone.Build.0 = Debug|Any CPU
		{013BD706-49F1-4CFA-9C68-94613DF90EA8}.Debug|iPhone.Deploy.0 = Debug|Any CPU
		{013BD706-49F1-4CFA-9C68-94613DF90EA8}.Debug|iPhoneSimulator.ActiveCfg = Debug|Any CPU
		{013BD706-49F1-4CFA-9C68-94613DF90EA8}.Debug|iPhoneSimulator.Build.0 = Debug|Any CPU
		{013BD706-49F1-4CFA-9C68-94613DF90EA8}.Debug|iPhoneSimulator.Deploy.0 = Debug|Any CPU
		{013BD706-49F1-4CFA-9C68-94613DF90EA8}.Debug|x64.ActiveCfg = Debug|Any CPU
		{013BD706-49F1-4CFA-9C68-94613DF90EA8}.Debug|x64.Build.0 = Debug|Any CPU
		{013BD706-49F1-4CFA-9C68-94613DF90EA8}.Debug|x64.Deploy.0 = Debug|Any CPU
		{013BD706-49F1-4CFA-9C68-94613DF90EA8}.Debug|x86.ActiveCfg = Debug|Any CPU
		{013BD706-49F1-4CFA-9C68-94613DF90EA8}.Debug|x86.Build.0 = Debug|Any CPU
		{013BD706-49F1-4CFA-9C68-94613DF90EA8}.Debug|x86.Deploy.0 = Debug|Any CPU
		{013BD706-49F1-4CFA-9C68-94613DF90EA8}.Release|Any CPU.ActiveCfg = Release|Any CPU
		{013BD706-49F1-4CFA-9C68-94613DF90EA8}.Release|Any CPU.Build.0 = Release|Any CPU
		{013BD706-49F1-4CFA-9C68-94613DF90EA8}.Release|Any CPU.Deploy.0 = Release|Any CPU
		{013BD706-49F1-4CFA-9C68-94613DF90EA8}.Release|ARM.ActiveCfg = Release|Any CPU
		{013BD706-49F1-4CFA-9C68-94613DF90EA8}.Release|ARM.Build.0 = Release|Any CPU
		{013BD706-49F1-4CFA-9C68-94613DF90EA8}.Release|ARM.Deploy.0 = Release|Any CPU
		{013BD706-49F1-4CFA-9C68-94613DF90EA8}.Release|iPhone.ActiveCfg = Release|Any CPU
		{013BD706-49F1-4CFA-9C68-94613DF90EA8}.Release|iPhone.Build.0 = Release|Any CPU
		{013BD706-49F1-4CFA-9C68-94613DF90EA8}.Release|iPhone.Deploy.0 = Release|Any CPU
		{013BD706-49F1-4CFA-9C68-94613DF90EA8}.Release|iPhoneSimulator.ActiveCfg = Release|Any CPU
		{013BD706-49F1-4CFA-9C68-94613DF90EA8}.Release|iPhoneSimulator.Build.0 = Release|Any CPU
		{013BD706-49F1-4CFA-9C68-94613DF90EA8}.Release|iPhoneSimulator.Deploy.0 = Release|Any CPU
		{013BD706-49F1-4CFA-9C68-94613DF90EA8}.Release|x64.ActiveCfg = Release|Any CPU
		{013BD706-49F1-4CFA-9C68-94613DF90EA8}.Release|x64.Build.0 = Release|Any CPU
		{013BD706-49F1-4CFA-9C68-94613DF90EA8}.Release|x64.Deploy.0 = Release|Any CPU
		{013BD706-49F1-4CFA-9C68-94613DF90EA8}.Release|x86.ActiveCfg = Release|Any CPU
		{013BD706-49F1-4CFA-9C68-94613DF90EA8}.Release|x86.Build.0 = Release|Any CPU
		{013BD706-49F1-4CFA-9C68-94613DF90EA8}.Release|x86.Deploy.0 = Release|Any CPU
		{766BBDE7-477A-412B-9F44-0195D061FE31}.Ad-Hoc|Any CPU.ActiveCfg = Ad-Hoc|iPhone
		{766BBDE7-477A-412B-9F44-0195D061FE31}.Ad-Hoc|ARM.ActiveCfg = Ad-Hoc|iPhone
		{766BBDE7-477A-412B-9F44-0195D061FE31}.Ad-Hoc|iPhone.ActiveCfg = Ad-Hoc|iPhone
		{766BBDE7-477A-412B-9F44-0195D061FE31}.Ad-Hoc|iPhone.Build.0 = Ad-Hoc|iPhone
		{766BBDE7-477A-412B-9F44-0195D061FE31}.Ad-Hoc|iPhoneSimulator.ActiveCfg = Ad-Hoc|iPhoneSimulator
		{766BBDE7-477A-412B-9F44-0195D061FE31}.Ad-Hoc|iPhoneSimulator.Build.0 = Ad-Hoc|iPhoneSimulator
		{766BBDE7-477A-412B-9F44-0195D061FE31}.Ad-Hoc|x64.ActiveCfg = Ad-Hoc|iPhone
		{766BBDE7-477A-412B-9F44-0195D061FE31}.Ad-Hoc|x86.ActiveCfg = Ad-Hoc|iPhone
		{766BBDE7-477A-412B-9F44-0195D061FE31}.AppStore|Any CPU.ActiveCfg = AppStore|iPhone
		{766BBDE7-477A-412B-9F44-0195D061FE31}.AppStore|ARM.ActiveCfg = AppStore|iPhone
		{766BBDE7-477A-412B-9F44-0195D061FE31}.AppStore|iPhone.ActiveCfg = AppStore|iPhone
		{766BBDE7-477A-412B-9F44-0195D061FE31}.AppStore|iPhone.Build.0 = AppStore|iPhone
		{766BBDE7-477A-412B-9F44-0195D061FE31}.AppStore|iPhoneSimulator.ActiveCfg = AppStore|iPhoneSimulator
		{766BBDE7-477A-412B-9F44-0195D061FE31}.AppStore|iPhoneSimulator.Build.0 = AppStore|iPhoneSimulator
		{766BBDE7-477A-412B-9F44-0195D061FE31}.AppStore|x64.ActiveCfg = AppStore|iPhone
		{766BBDE7-477A-412B-9F44-0195D061FE31}.AppStore|x86.ActiveCfg = AppStore|iPhone
		{766BBDE7-477A-412B-9F44-0195D061FE31}.Debug|Any CPU.ActiveCfg = Debug|iPhone
		{766BBDE7-477A-412B-9F44-0195D061FE31}.Debug|ARM.ActiveCfg = Debug|iPhone
		{766BBDE7-477A-412B-9F44-0195D061FE31}.Debug|iPhone.ActiveCfg = Debug|iPhone
		{766BBDE7-477A-412B-9F44-0195D061FE31}.Debug|iPhone.Build.0 = Debug|iPhone
		{766BBDE7-477A-412B-9F44-0195D061FE31}.Debug|iPhoneSimulator.ActiveCfg = Debug|iPhoneSimulator
		{766BBDE7-477A-412B-9F44-0195D061FE31}.Debug|iPhoneSimulator.Build.0 = Debug|iPhoneSimulator
		{766BBDE7-477A-412B-9F44-0195D061FE31}.Debug|x64.ActiveCfg = Debug|iPhone
		{766BBDE7-477A-412B-9F44-0195D061FE31}.Debug|x86.ActiveCfg = Debug|iPhone
		{766BBDE7-477A-412B-9F44-0195D061FE31}.Release|Any CPU.ActiveCfg = Release|iPhone
		{766BBDE7-477A-412B-9F44-0195D061FE31}.Release|ARM.ActiveCfg = Release|iPhone
		{766BBDE7-477A-412B-9F44-0195D061FE31}.Release|iPhone.ActiveCfg = Release|iPhone
		{766BBDE7-477A-412B-9F44-0195D061FE31}.Release|iPhone.Build.0 = Release|iPhone
		{766BBDE7-477A-412B-9F44-0195D061FE31}.Release|iPhoneSimulator.ActiveCfg = Release|iPhoneSimulator
		{766BBDE7-477A-412B-9F44-0195D061FE31}.Release|iPhoneSimulator.Build.0 = Release|iPhoneSimulator
		{766BBDE7-477A-412B-9F44-0195D061FE31}.Release|x64.ActiveCfg = Release|iPhone
		{766BBDE7-477A-412B-9F44-0195D061FE31}.Release|x86.ActiveCfg = Release|iPhone
		{F8EC1083-077C-41FC-BFDF-600B28EAD92F}.Ad-Hoc|Any CPU.ActiveCfg = Release|Any CPU
		{F8EC1083-077C-41FC-BFDF-600B28EAD92F}.Ad-Hoc|Any CPU.Build.0 = Release|Any CPU
		{F8EC1083-077C-41FC-BFDF-600B28EAD92F}.Ad-Hoc|Any CPU.Deploy.0 = Release|Any CPU
		{F8EC1083-077C-41FC-BFDF-600B28EAD92F}.Ad-Hoc|ARM.ActiveCfg = Release|ARM
		{F8EC1083-077C-41FC-BFDF-600B28EAD92F}.Ad-Hoc|ARM.Build.0 = Release|ARM
		{F8EC1083-077C-41FC-BFDF-600B28EAD92F}.Ad-Hoc|ARM.Deploy.0 = Release|ARM
		{F8EC1083-077C-41FC-BFDF-600B28EAD92F}.Ad-Hoc|iPhone.ActiveCfg = Release|Any CPU
		{F8EC1083-077C-41FC-BFDF-600B28EAD92F}.Ad-Hoc|iPhone.Build.0 = Release|Any CPU
		{F8EC1083-077C-41FC-BFDF-600B28EAD92F}.Ad-Hoc|iPhone.Deploy.0 = Release|Any CPU
		{F8EC1083-077C-41FC-BFDF-600B28EAD92F}.Ad-Hoc|iPhoneSimulator.ActiveCfg = Release|Any CPU
		{F8EC1083-077C-41FC-BFDF-600B28EAD92F}.Ad-Hoc|iPhoneSimulator.Build.0 = Release|Any CPU
		{F8EC1083-077C-41FC-BFDF-600B28EAD92F}.Ad-Hoc|iPhoneSimulator.Deploy.0 = Release|Any CPU
		{F8EC1083-077C-41FC-BFDF-600B28EAD92F}.Ad-Hoc|x64.ActiveCfg = Release|Any CPU
		{F8EC1083-077C-41FC-BFDF-600B28EAD92F}.Ad-Hoc|x64.Build.0 = Release|Any CPU
		{F8EC1083-077C-41FC-BFDF-600B28EAD92F}.Ad-Hoc|x64.Deploy.0 = Release|Any CPU
		{F8EC1083-077C-41FC-BFDF-600B28EAD92F}.Ad-Hoc|x86.ActiveCfg = Release|x86
		{F8EC1083-077C-41FC-BFDF-600B28EAD92F}.Ad-Hoc|x86.Build.0 = Release|x86
		{F8EC1083-077C-41FC-BFDF-600B28EAD92F}.Ad-Hoc|x86.Deploy.0 = Release|x86
		{F8EC1083-077C-41FC-BFDF-600B28EAD92F}.AppStore|Any CPU.ActiveCfg = Release|Any CPU
		{F8EC1083-077C-41FC-BFDF-600B28EAD92F}.AppStore|Any CPU.Build.0 = Release|Any CPU
		{F8EC1083-077C-41FC-BFDF-600B28EAD92F}.AppStore|Any CPU.Deploy.0 = Release|Any CPU
		{F8EC1083-077C-41FC-BFDF-600B28EAD92F}.AppStore|ARM.ActiveCfg = Release|ARM
		{F8EC1083-077C-41FC-BFDF-600B28EAD92F}.AppStore|ARM.Build.0 = Release|ARM
		{F8EC1083-077C-41FC-BFDF-600B28EAD92F}.AppStore|ARM.Deploy.0 = Release|ARM
		{F8EC1083-077C-41FC-BFDF-600B28EAD92F}.AppStore|iPhone.ActiveCfg = Release|Any CPU
		{F8EC1083-077C-41FC-BFDF-600B28EAD92F}.AppStore|iPhone.Build.0 = Release|Any CPU
		{F8EC1083-077C-41FC-BFDF-600B28EAD92F}.AppStore|iPhone.Deploy.0 = Release|Any CPU
		{F8EC1083-077C-41FC-BFDF-600B28EAD92F}.AppStore|iPhoneSimulator.ActiveCfg = Release|Any CPU
		{F8EC1083-077C-41FC-BFDF-600B28EAD92F}.AppStore|iPhoneSimulator.Build.0 = Release|Any CPU
		{F8EC1083-077C-41FC-BFDF-600B28EAD92F}.AppStore|iPhoneSimulator.Deploy.0 = Release|Any CPU
		{F8EC1083-077C-41FC-BFDF-600B28EAD92F}.AppStore|x64.ActiveCfg = Release|Any CPU
		{F8EC1083-077C-41FC-BFDF-600B28EAD92F}.AppStore|x64.Build.0 = Release|Any CPU
		{F8EC1083-077C-41FC-BFDF-600B28EAD92F}.AppStore|x64.Deploy.0 = Release|Any CPU
		{F8EC1083-077C-41FC-BFDF-600B28EAD92F}.AppStore|x86.ActiveCfg = Release|x86
		{F8EC1083-077C-41FC-BFDF-600B28EAD92F}.AppStore|x86.Build.0 = Release|x86
		{F8EC1083-077C-41FC-BFDF-600B28EAD92F}.AppStore|x86.Deploy.0 = Release|x86
		{F8EC1083-077C-41FC-BFDF-600B28EAD92F}.Debug|Any CPU.ActiveCfg = Debug|Any CPU
		{F8EC1083-077C-41FC-BFDF-600B28EAD92F}.Debug|Any CPU.Build.0 = Debug|Any CPU
		{F8EC1083-077C-41FC-BFDF-600B28EAD92F}.Debug|Any CPU.Deploy.0 = Debug|Any CPU
		{F8EC1083-077C-41FC-BFDF-600B28EAD92F}.Debug|ARM.ActiveCfg = Debug|ARM
		{F8EC1083-077C-41FC-BFDF-600B28EAD92F}.Debug|ARM.Build.0 = Debug|ARM
		{F8EC1083-077C-41FC-BFDF-600B28EAD92F}.Debug|ARM.Deploy.0 = Debug|ARM
		{F8EC1083-077C-41FC-BFDF-600B28EAD92F}.Debug|iPhone.ActiveCfg = Debug|Any CPU
		{F8EC1083-077C-41FC-BFDF-600B28EAD92F}.Debug|iPhone.Build.0 = Debug|Any CPU
		{F8EC1083-077C-41FC-BFDF-600B28EAD92F}.Debug|iPhone.Deploy.0 = Debug|Any CPU
		{F8EC1083-077C-41FC-BFDF-600B28EAD92F}.Debug|iPhoneSimulator.ActiveCfg = Debug|Any CPU
		{F8EC1083-077C-41FC-BFDF-600B28EAD92F}.Debug|iPhoneSimulator.Build.0 = Debug|Any CPU
		{F8EC1083-077C-41FC-BFDF-600B28EAD92F}.Debug|iPhoneSimulator.Deploy.0 = Debug|Any CPU
		{F8EC1083-077C-41FC-BFDF-600B28EAD92F}.Debug|x64.ActiveCfg = Debug|Any CPU
		{F8EC1083-077C-41FC-BFDF-600B28EAD92F}.Debug|x64.Build.0 = Debug|Any CPU
		{F8EC1083-077C-41FC-BFDF-600B28EAD92F}.Debug|x64.Deploy.0 = Debug|Any CPU
		{F8EC1083-077C-41FC-BFDF-600B28EAD92F}.Debug|x86.ActiveCfg = Debug|x86
		{F8EC1083-077C-41FC-BFDF-600B28EAD92F}.Debug|x86.Build.0 = Debug|x86
		{F8EC1083-077C-41FC-BFDF-600B28EAD92F}.Debug|x86.Deploy.0 = Debug|x86
		{F8EC1083-077C-41FC-BFDF-600B28EAD92F}.Release|Any CPU.ActiveCfg = Release|Any CPU
		{F8EC1083-077C-41FC-BFDF-600B28EAD92F}.Release|Any CPU.Build.0 = Release|Any CPU
		{F8EC1083-077C-41FC-BFDF-600B28EAD92F}.Release|Any CPU.Deploy.0 = Release|Any CPU
		{F8EC1083-077C-41FC-BFDF-600B28EAD92F}.Release|ARM.ActiveCfg = Release|ARM
		{F8EC1083-077C-41FC-BFDF-600B28EAD92F}.Release|ARM.Build.0 = Release|ARM
		{F8EC1083-077C-41FC-BFDF-600B28EAD92F}.Release|ARM.Deploy.0 = Release|ARM
		{F8EC1083-077C-41FC-BFDF-600B28EAD92F}.Release|iPhone.ActiveCfg = Release|Any CPU
		{F8EC1083-077C-41FC-BFDF-600B28EAD92F}.Release|iPhone.Build.0 = Release|Any CPU
		{F8EC1083-077C-41FC-BFDF-600B28EAD92F}.Release|iPhone.Deploy.0 = Release|Any CPU
		{F8EC1083-077C-41FC-BFDF-600B28EAD92F}.Release|iPhoneSimulator.ActiveCfg = Release|Any CPU
		{F8EC1083-077C-41FC-BFDF-600B28EAD92F}.Release|iPhoneSimulator.Build.0 = Release|Any CPU
		{F8EC1083-077C-41FC-BFDF-600B28EAD92F}.Release|iPhoneSimulator.Deploy.0 = Release|Any CPU
		{F8EC1083-077C-41FC-BFDF-600B28EAD92F}.Release|x64.ActiveCfg = Release|Any CPU
		{F8EC1083-077C-41FC-BFDF-600B28EAD92F}.Release|x64.Build.0 = Release|Any CPU
		{F8EC1083-077C-41FC-BFDF-600B28EAD92F}.Release|x64.Deploy.0 = Release|Any CPU
		{F8EC1083-077C-41FC-BFDF-600B28EAD92F}.Release|x86.ActiveCfg = Release|x86
		{F8EC1083-077C-41FC-BFDF-600B28EAD92F}.Release|x86.Build.0 = Release|x86
		{F8EC1083-077C-41FC-BFDF-600B28EAD92F}.Release|x86.Deploy.0 = Release|x86
		{B9711B2E-7EAC-4C34-82C8-F4944F50F839}.Ad-Hoc|Any CPU.ActiveCfg = Release|Any CPU
		{B9711B2E-7EAC-4C34-82C8-F4944F50F839}.Ad-Hoc|Any CPU.Build.0 = Release|Any CPU
		{B9711B2E-7EAC-4C34-82C8-F4944F50F839}.Ad-Hoc|ARM.ActiveCfg = Release|ARM
		{B9711B2E-7EAC-4C34-82C8-F4944F50F839}.Ad-Hoc|ARM.Build.0 = Release|ARM
		{B9711B2E-7EAC-4C34-82C8-F4944F50F839}.Ad-Hoc|iPhone.ActiveCfg = Release|Any CPU
		{B9711B2E-7EAC-4C34-82C8-F4944F50F839}.Ad-Hoc|iPhone.Build.0 = Release|Any CPU
		{B9711B2E-7EAC-4C34-82C8-F4944F50F839}.Ad-Hoc|iPhoneSimulator.ActiveCfg = Release|Any CPU
		{B9711B2E-7EAC-4C34-82C8-F4944F50F839}.Ad-Hoc|iPhoneSimulator.Build.0 = Release|Any CPU
		{B9711B2E-7EAC-4C34-82C8-F4944F50F839}.Ad-Hoc|x64.ActiveCfg = Release|Any CPU
		{B9711B2E-7EAC-4C34-82C8-F4944F50F839}.Ad-Hoc|x64.Build.0 = Release|Any CPU
		{B9711B2E-7EAC-4C34-82C8-F4944F50F839}.Ad-Hoc|x86.ActiveCfg = Release|x86
		{B9711B2E-7EAC-4C34-82C8-F4944F50F839}.Ad-Hoc|x86.Build.0 = Release|x86
		{B9711B2E-7EAC-4C34-82C8-F4944F50F839}.AppStore|Any CPU.ActiveCfg = Release|Any CPU
		{B9711B2E-7EAC-4C34-82C8-F4944F50F839}.AppStore|Any CPU.Build.0 = Release|Any CPU
		{B9711B2E-7EAC-4C34-82C8-F4944F50F839}.AppStore|ARM.ActiveCfg = Release|ARM
		{B9711B2E-7EAC-4C34-82C8-F4944F50F839}.AppStore|ARM.Build.0 = Release|ARM
		{B9711B2E-7EAC-4C34-82C8-F4944F50F839}.AppStore|iPhone.ActiveCfg = Release|Any CPU
		{B9711B2E-7EAC-4C34-82C8-F4944F50F839}.AppStore|iPhone.Build.0 = Release|Any CPU
		{B9711B2E-7EAC-4C34-82C8-F4944F50F839}.AppStore|iPhoneSimulator.ActiveCfg = Release|Any CPU
		{B9711B2E-7EAC-4C34-82C8-F4944F50F839}.AppStore|iPhoneSimulator.Build.0 = Release|Any CPU
		{B9711B2E-7EAC-4C34-82C8-F4944F50F839}.AppStore|x64.ActiveCfg = Release|Any CPU
		{B9711B2E-7EAC-4C34-82C8-F4944F50F839}.AppStore|x64.Build.0 = Release|Any CPU
		{B9711B2E-7EAC-4C34-82C8-F4944F50F839}.AppStore|x86.ActiveCfg = Release|x86
		{B9711B2E-7EAC-4C34-82C8-F4944F50F839}.AppStore|x86.Build.0 = Release|x86
		{B9711B2E-7EAC-4C34-82C8-F4944F50F839}.Debug|Any CPU.ActiveCfg = Debug|Any CPU
		{B9711B2E-7EAC-4C34-82C8-F4944F50F839}.Debug|Any CPU.Build.0 = Debug|Any CPU
		{B9711B2E-7EAC-4C34-82C8-F4944F50F839}.Debug|ARM.ActiveCfg = Debug|ARM
		{B9711B2E-7EAC-4C34-82C8-F4944F50F839}.Debug|ARM.Build.0 = Debug|ARM
		{B9711B2E-7EAC-4C34-82C8-F4944F50F839}.Debug|iPhone.ActiveCfg = Debug|Any CPU
		{B9711B2E-7EAC-4C34-82C8-F4944F50F839}.Debug|iPhone.Build.0 = Debug|Any CPU
		{B9711B2E-7EAC-4C34-82C8-F4944F50F839}.Debug|iPhoneSimulator.ActiveCfg = Debug|Any CPU
		{B9711B2E-7EAC-4C34-82C8-F4944F50F839}.Debug|iPhoneSimulator.Build.0 = Debug|Any CPU
		{B9711B2E-7EAC-4C34-82C8-F4944F50F839}.Debug|x64.ActiveCfg = Debug|Any CPU
		{B9711B2E-7EAC-4C34-82C8-F4944F50F839}.Debug|x64.Build.0 = Debug|Any CPU
		{B9711B2E-7EAC-4C34-82C8-F4944F50F839}.Debug|x86.ActiveCfg = Debug|x86
		{B9711B2E-7EAC-4C34-82C8-F4944F50F839}.Debug|x86.Build.0 = Debug|x86
		{B9711B2E-7EAC-4C34-82C8-F4944F50F839}.Release|Any CPU.ActiveCfg = Release|Any CPU
		{B9711B2E-7EAC-4C34-82C8-F4944F50F839}.Release|Any CPU.Build.0 = Release|Any CPU
		{B9711B2E-7EAC-4C34-82C8-F4944F50F839}.Release|ARM.ActiveCfg = Release|ARM
		{B9711B2E-7EAC-4C34-82C8-F4944F50F839}.Release|ARM.Build.0 = Release|ARM
		{B9711B2E-7EAC-4C34-82C8-F4944F50F839}.Release|iPhone.ActiveCfg = Release|Any CPU
		{B9711B2E-7EAC-4C34-82C8-F4944F50F839}.Release|iPhone.Build.0 = Release|Any CPU
		{B9711B2E-7EAC-4C34-82C8-F4944F50F839}.Release|iPhoneSimulator.ActiveCfg = Release|Any CPU
		{B9711B2E-7EAC-4C34-82C8-F4944F50F839}.Release|iPhoneSimulator.Build.0 = Release|Any CPU
		{B9711B2E-7EAC-4C34-82C8-F4944F50F839}.Release|x64.ActiveCfg = Release|Any CPU
		{B9711B2E-7EAC-4C34-82C8-F4944F50F839}.Release|x64.Build.0 = Release|Any CPU
		{B9711B2E-7EAC-4C34-82C8-F4944F50F839}.Release|x86.ActiveCfg = Release|x86
		{B9711B2E-7EAC-4C34-82C8-F4944F50F839}.Release|x86.Build.0 = Release|x86
		{9D1BB588-DEE2-4FC4-9BD1-A4003FE970FA}.Ad-Hoc|Any CPU.ActiveCfg = Release|Any CPU
		{9D1BB588-DEE2-4FC4-9BD1-A4003FE970FA}.Ad-Hoc|Any CPU.Build.0 = Release|Any CPU
		{9D1BB588-DEE2-4FC4-9BD1-A4003FE970FA}.Ad-Hoc|ARM.ActiveCfg = Release|Any CPU
		{9D1BB588-DEE2-4FC4-9BD1-A4003FE970FA}.Ad-Hoc|ARM.Build.0 = Release|Any CPU
		{9D1BB588-DEE2-4FC4-9BD1-A4003FE970FA}.Ad-Hoc|iPhone.ActiveCfg = Release|Any CPU
		{9D1BB588-DEE2-4FC4-9BD1-A4003FE970FA}.Ad-Hoc|iPhone.Build.0 = Release|Any CPU
		{9D1BB588-DEE2-4FC4-9BD1-A4003FE970FA}.Ad-Hoc|iPhoneSimulator.ActiveCfg = Release|Any CPU
		{9D1BB588-DEE2-4FC4-9BD1-A4003FE970FA}.Ad-Hoc|iPhoneSimulator.Build.0 = Release|Any CPU
		{9D1BB588-DEE2-4FC4-9BD1-A4003FE970FA}.Ad-Hoc|x64.ActiveCfg = Release|Any CPU
		{9D1BB588-DEE2-4FC4-9BD1-A4003FE970FA}.Ad-Hoc|x64.Build.0 = Release|Any CPU
		{9D1BB588-DEE2-4FC4-9BD1-A4003FE970FA}.Ad-Hoc|x86.ActiveCfg = Release|Any CPU
		{9D1BB588-DEE2-4FC4-9BD1-A4003FE970FA}.Ad-Hoc|x86.Build.0 = Release|Any CPU
		{9D1BB588-DEE2-4FC4-9BD1-A4003FE970FA}.AppStore|Any CPU.ActiveCfg = Release|Any CPU
		{9D1BB588-DEE2-4FC4-9BD1-A4003FE970FA}.AppStore|Any CPU.Build.0 = Release|Any CPU
		{9D1BB588-DEE2-4FC4-9BD1-A4003FE970FA}.AppStore|ARM.ActiveCfg = Release|Any CPU
		{9D1BB588-DEE2-4FC4-9BD1-A4003FE970FA}.AppStore|ARM.Build.0 = Release|Any CPU
		{9D1BB588-DEE2-4FC4-9BD1-A4003FE970FA}.AppStore|iPhone.ActiveCfg = Release|Any CPU
		{9D1BB588-DEE2-4FC4-9BD1-A4003FE970FA}.AppStore|iPhone.Build.0 = Release|Any CPU
		{9D1BB588-DEE2-4FC4-9BD1-A4003FE970FA}.AppStore|iPhoneSimulator.ActiveCfg = Release|Any CPU
		{9D1BB588-DEE2-4FC4-9BD1-A4003FE970FA}.AppStore|iPhoneSimulator.Build.0 = Release|Any CPU
		{9D1BB588-DEE2-4FC4-9BD1-A4003FE970FA}.AppStore|x64.ActiveCfg = Release|Any CPU
		{9D1BB588-DEE2-4FC4-9BD1-A4003FE970FA}.AppStore|x64.Build.0 = Release|Any CPU
		{9D1BB588-DEE2-4FC4-9BD1-A4003FE970FA}.AppStore|x86.ActiveCfg = Release|Any CPU
		{9D1BB588-DEE2-4FC4-9BD1-A4003FE970FA}.AppStore|x86.Build.0 = Release|Any CPU
		{9D1BB588-DEE2-4FC4-9BD1-A4003FE970FA}.Debug|Any CPU.ActiveCfg = Debug|Any CPU
		{9D1BB588-DEE2-4FC4-9BD1-A4003FE970FA}.Debug|Any CPU.Build.0 = Debug|Any CPU
		{9D1BB588-DEE2-4FC4-9BD1-A4003FE970FA}.Debug|ARM.ActiveCfg = Debug|Any CPU
		{9D1BB588-DEE2-4FC4-9BD1-A4003FE970FA}.Debug|ARM.Build.0 = Debug|Any CPU
		{9D1BB588-DEE2-4FC4-9BD1-A4003FE970FA}.Debug|iPhone.ActiveCfg = Debug|Any CPU
		{9D1BB588-DEE2-4FC4-9BD1-A4003FE970FA}.Debug|iPhone.Build.0 = Debug|Any CPU
		{9D1BB588-DEE2-4FC4-9BD1-A4003FE970FA}.Debug|iPhoneSimulator.ActiveCfg = Debug|Any CPU
		{9D1BB588-DEE2-4FC4-9BD1-A4003FE970FA}.Debug|iPhoneSimulator.Build.0 = Debug|Any CPU
		{9D1BB588-DEE2-4FC4-9BD1-A4003FE970FA}.Debug|x64.ActiveCfg = Debug|Any CPU
		{9D1BB588-DEE2-4FC4-9BD1-A4003FE970FA}.Debug|x64.Build.0 = Debug|Any CPU
		{9D1BB588-DEE2-4FC4-9BD1-A4003FE970FA}.Debug|x86.ActiveCfg = Debug|Any CPU
		{9D1BB588-DEE2-4FC4-9BD1-A4003FE970FA}.Debug|x86.Build.0 = Debug|Any CPU
		{9D1BB588-DEE2-4FC4-9BD1-A4003FE970FA}.Release|Any CPU.ActiveCfg = Release|Any CPU
		{9D1BB588-DEE2-4FC4-9BD1-A4003FE970FA}.Release|Any CPU.Build.0 = Release|Any CPU
		{9D1BB588-DEE2-4FC4-9BD1-A4003FE970FA}.Release|ARM.ActiveCfg = Release|Any CPU
		{9D1BB588-DEE2-4FC4-9BD1-A4003FE970FA}.Release|ARM.Build.0 = Release|Any CPU
		{9D1BB588-DEE2-4FC4-9BD1-A4003FE970FA}.Release|iPhone.ActiveCfg = Release|Any CPU
		{9D1BB588-DEE2-4FC4-9BD1-A4003FE970FA}.Release|iPhone.Build.0 = Release|Any CPU
		{9D1BB588-DEE2-4FC4-9BD1-A4003FE970FA}.Release|iPhoneSimulator.ActiveCfg = Release|Any CPU
		{9D1BB588-DEE2-4FC4-9BD1-A4003FE970FA}.Release|iPhoneSimulator.Build.0 = Release|Any CPU
		{9D1BB588-DEE2-4FC4-9BD1-A4003FE970FA}.Release|x64.ActiveCfg = Release|Any CPU
		{9D1BB588-DEE2-4FC4-9BD1-A4003FE970FA}.Release|x64.Build.0 = Release|Any CPU
		{9D1BB588-DEE2-4FC4-9BD1-A4003FE970FA}.Release|x86.ActiveCfg = Release|Any CPU
		{9D1BB588-DEE2-4FC4-9BD1-A4003FE970FA}.Release|x86.Build.0 = Release|Any CPU
	EndGlobalSection
	GlobalSection(SolutionProperties) = preSolution
		HideSolutionNode = FALSE
	EndGlobalSection
EndGlobal
